
Microsoft Visual Studio Solution File, Format Version 12.00
# Visual Studio Version 17
VisualStudioVersion = 17.4.33110.190
MinimumVisualStudioVersion = 10.0.40219.1
Project("{FAE04EC0-301F-11D3-BF4B-00C04F79EFBC}") = "NewsReadApp", "NewsReadApp.csproj", "{3D93B465-DE43-4595-9505-B8A85B90A313}"
EndProject
Global
	GlobalSection(SolutionConfigurationPlatforms) = preSolution
		Debug|Any CPU = Debug|Any CPU
		Release|Any CPU = Release|Any CPU
	EndGlobalSection
	GlobalSection(ProjectConfigurationPlatforms) = postSolution
		{3D93B465-DE43-4595-9505-B8A85B90A313}.Debug|Any CPU.ActiveCfg = Debug|Any CPU
		{3D93B465-DE43-4595-9505-B8A85B90A313}.Debug|Any CPU.Build.0 = Debug|Any CPU
		{3D93B465-DE43-4595-9505-B8A85B90A313}.Release|Any CPU.ActiveCfg = Release|Any CPU
		{3D93B465-DE43-4595-9505-B8A85B90A313}.Release|Any CPU.Build.0 = Release|Any CPU
	EndGlobalSection
	GlobalSection(SolutionProperties) = preSolution
		HideSolutionNode = FALSE
	EndGlobalSection
	GlobalSection(ExtensibilityGlobals) = postSolution
		SolutionGuid = {827854C0-416E-452D-8E82-627D7F062908}
	EndGlobalSection
EndGlobal
